
Microsoft Visual Studio Solution File, Format Version 12.00
# Visual Studio Version 16
VisualStudioVersion = 16.0.32126.315
MinimumVisualStudioVersion = 10.0.40219.1
Project("{9A19103F-16F7-4668-BE54-9A1E7A4F7556}") = "DemosMVC", "DemosMVC\DemosMVC.csproj", "{08C0749C-258A-42DD-901C-28351DEAE5BE}"
EndProject
Project("{9A19103F-16F7-4668-BE54-9A1E7A4F7556}") = "Domains.Entities", "Domains.Entity\Domains.Entities.csproj", "{2376E45B-A9BE-480E-A2B7-87E2A3323C4D}"
EndProject
Project("{9A19103F-16F7-4668-BE54-9A1E7A4F7556}") = "Domains.Contracts", "Domains.Contracts\Domains.Contracts.csproj", "{B381055E-B83A-47D0-8505-D5E511A0FA7F}"
EndProject
Project("{9A19103F-16F7-4668-BE54-9A1E7A4F7556}") = "Domains.Services", "Domains.Services\Domains.Services.csproj", "{C834A032-C1D2-4492-B39E-9E4D5A4216E8}"
EndProject
Project("{9A19103F-16F7-4668-BE54-9A1E7A4F7556}") = "Infraestructure", "Infraestructure\Infraestructure.csproj", "{D4B08F21-6FFF-4398-876D-782742C7C21F}"
EndProject
Project("{9A19103F-16F7-4668-BE54-9A1E7A4F7556}") = "Util.Core", "Util.Core\Util.Core.csproj", "{6396D9ED-D925-4518-BA3D-564937150E0A}"
EndProject
Project("{9A19103F-16F7-4668-BE54-9A1E7A4F7556}") = "DemoRazorPages", "DemoRazorPages\DemoRazorPages.csproj", "{EDF96F83-95D9-45B7-964C-123AEEBDCBDD}"
EndProject
Global
	GlobalSection(SolutionConfigurationPlatforms) = preSolution
		Debug|Any CPU = Debug|Any CPU
		Release|Any CPU = Release|Any CPU
	EndGlobalSection
	GlobalSection(ProjectConfigurationPlatforms) = postSolution
		{08C0749C-258A-42DD-901C-28351DEAE5BE}.Debug|Any CPU.ActiveCfg = Debug|Any CPU
		{08C0749C-258A-42DD-901C-28351DEAE5BE}.Debug|Any CPU.Build.0 = Debug|Any CPU
		{08C0749C-258A-42DD-901C-28351DEAE5BE}.Release|Any CPU.ActiveCfg = Release|Any CPU
		{08C0749C-258A-42DD-901C-28351DEAE5BE}.Release|Any CPU.Build.0 = Release|Any CPU
		{2376E45B-A9BE-480E-A2B7-87E2A3323C4D}.Debug|Any CPU.ActiveCfg = Debug|Any CPU
		{2376E45B-A9BE-480E-A2B7-87E2A3323C4D}.Debug|Any CPU.Build.0 = Debug|Any CPU
		{2376E45B-A9BE-480E-A2B7-87E2A3323C4D}.Release|Any CPU.ActiveCfg = Release|Any CPU
		{2376E45B-A9BE-480E-A2B7-87E2A3323C4D}.Release|Any CPU.Build.0 = Release|Any CPU
		{B381055E-B83A-47D0-8505-D5E511A0FA7F}.Debug|Any CPU.ActiveCfg = Debug|Any CPU
		{B381055E-B83A-47D0-8505-D5E511A0FA7F}.Debug|Any CPU.Build.0 = Debug|Any CPU
		{B381055E-B83A-47D0-8505-D5E511A0FA7F}.Release|Any CPU.ActiveCfg = Release|Any CPU
		{B381055E-B83A-47D0-8505-D5E511A0FA7F}.Release|Any CPU.Build.0 = Release|Any CPU
		{C834A032-C1D2-4492-B39E-9E4D5A4216E8}.Debug|Any CPU.ActiveCfg = Debug|Any CPU
		{C834A032-C1D2-4492-B39E-9E4D5A4216E8}.Debug|Any CPU.Build.0 = Debug|Any CPU
		{C834A032-C1D2-4492-B39E-9E4D5A4216E8}.Release|Any CPU.ActiveCfg = Release|Any CPU
		{C834A032-C1D2-4492-B39E-9E4D5A4216E8}.Release|Any CPU.Build.0 = Release|Any CPU
		{D4B08F21-6FFF-4398-876D-782742C7C21F}.Debug|Any CPU.ActiveCfg = Debug|Any CPU
		{D4B08F21-6FFF-4398-876D-782742C7C21F}.Debug|Any CPU.Build.0 = Debug|Any CPU
		{D4B08F21-6FFF-4398-876D-782742C7C21F}.Release|Any CPU.ActiveCfg = Release|Any CPU
		{D4B08F21-6FFF-4398-876D-782742C7C21F}.Release|Any CPU.Build.0 = Release|Any CPU
		{6396D9ED-D925-4518-BA3D-564937150E0A}.Debug|Any CPU.ActiveCfg = Debug|Any CPU
		{6396D9ED-D925-4518-BA3D-564937150E0A}.Debug|Any CPU.Build.0 = Debug|Any CPU
		{6396D9ED-D925-4518-BA3D-564937150E0A}.Release|Any CPU.ActiveCfg = Release|Any CPU
		{6396D9ED-D925-4518-BA3D-564937150E0A}.Release|Any CPU.Build.0 = Release|Any CPU
		{EDF96F83-95D9-45B7-964C-123AEEBDCBDD}.Debug|Any CPU.ActiveCfg = Debug|Any CPU
		{EDF96F83-95D9-45B7-964C-123AEEBDCBDD}.Debug|Any CPU.Build.0 = Debug|Any CPU
		{EDF96F83-95D9-45B7-964C-123AEEBDCBDD}.Release|Any CPU.ActiveCfg = Release|Any CPU
		{EDF96F83-95D9-45B7-964C-123AEEBDCBDD}.Release|Any CPU.Build.0 = Release|Any CPU
	EndGlobalSection
	GlobalSection(SolutionProperties) = preSolution
		HideSolutionNode = FALSE
	EndGlobalSection
	GlobalSection(ExtensibilityGlobals) = postSolution
		SolutionGuid = {5EEE8ACE-E161-4D99-B255-DB36758AFF4E}
	EndGlobalSection
EndGlobal
